# @generated - this file is auto-generated by `mise lock` https://mise.jdx.dev/dev-tools/mise-lock.html

lockfile_version = 2

[[tools.age]]
version = "1.3.1"
backend = "aqua:FiloSottile/age"
specifiers = ["1.3.1"]

[tools.age."platforms.linux-arm64"]
checksum = "sha256:c6878a324421b69e3e20b00ba17c04bc5c6dab0030cfe55bf8f68fa8d9e9093a"
url = "https://github.com/FiloSottile/age/releases/download/v1.3.1/age-v1.3.1-linux-arm64.tar.gz"
url_api = "https://api.github.com/repos/FiloSottile/age/releases/assets/333752668"
provenance = "github-attestations"

[tools.age."platforms.linux-arm64-musl"]
checksum = "sha256:c6878a324421b69e3e20b00ba17c04bc5c6dab0030cfe55bf8f68fa8d9e9093a"
url = "https://github.com/FiloSottile/age/releases/download/v1.3.1/age-v1.3.1-linux-arm64.tar.gz"
url_api = "https://api.github.com/repos/FiloSottile/age/releases/assets/333752668"
provenance = "github-attestations"

[tools.age."platforms.linux-x64"]
checksum = "sha256:bdc69c09cbdd6cf8b1f333d372a1f58247b3a33146406333e30c0f26e8f51377"
url = "https://github.com/FiloSottile/age/releases/download/v1.3.1/age-v1.3.1-linux-amd64.tar.gz"
url_api = "https://api.github.com/repos/FiloSottile/age/releases/assets/333752671"
provenance = "github-attestations"

[tools.age."platforms.linux-x64-musl"]
checksum = "sha256:bdc69c09cbdd6cf8b1f333d372a1f58247b3a33146406333e30c0f26e8f51377"
url = "https://github.com/FiloSottile/age/releases/download/v1.3.1/age-v1.3.1-linux-amd64.tar.gz"
url_api = "https://api.github.com/repos/FiloSottile/age/releases/assets/333752671"
provenance = "github-attestations"

[tools.age."platforms.macos-arm64"]
checksum = "sha256:01120ea2cbf0463d4c6bd767f99f3271bbed1cdc8a9aa718a76ba1fe4f01998b"
url = "https://github.com/FiloSottile/age/releases/download/v1.3.1/age-v1.3.1-darwin-arm64.tar.gz"
url_api = "https://api.github.com/repos/FiloSottile/age/releases/assets/333752669"
provenance = "github-attestations"

[tools.age."platforms.macos-x64"]
checksum = "sha256:2b233301ad21ab7b1eabd9ae1198a164005fa4928fcdd745d47c39f8593209d7"
url = "https://github.com/FiloSottile/age/releases/download/v1.3.1/age-v1.3.1-darwin-amd64.tar.gz"
url_api = "https://api.github.com/repos/FiloSottile/age/releases/assets/343881260"
provenance = "github-attestations"

[tools.age."platforms.windows-x64"]
checksum = "sha256:c56e8ce22f7e80cb85ad946cc82d198767b056366201d3e1a2b93d865be38154"
url = "https://github.com/FiloSottile/age/releases/download/v1.3.1/age-v1.3.1-windows-amd64.zip"
url_api = "https://api.github.com/repos/FiloSottile/age/releases/assets/333752673"
provenance = "github-attestations"

[[tools."gem:ruby-lsp"]]
version = "0.26.11"
backend = "gem:ruby-lsp"
specifiers = ["0.26.11"]

[[tools."github:backnotprop/plannotator"]]
version = "0.27.15"
backend = "github:backnotprop/plannotator"
specifiers = ["0.27.15"]

[tools."github:backnotprop/plannotator".options]
matching = "plannotator-"

[tools."github:backnotprop/plannotator"."platforms.linux-arm64"]
checksum = "sha256:186b4feec9c47fff2038a0ceaf0634f4bf6ce24f6ab6d780c3ef422c24b4d40f"
url = "https://github.com/backnotprop/plannotator/releases/download/v0.27.15/plannotator-linux-arm64"
url_api = "https://api.github.com/repos/backnotprop/plannotator/releases/assets/566100473"
provenance = "github-attestations"

[tools."github:backnotprop/plannotator"."platforms.linux-arm64-musl"]
checksum = "sha256:186b4feec9c47fff2038a0ceaf0634f4bf6ce24f6ab6d780c3ef422c24b4d40f"
url = "https://github.com/backnotprop/plannotator/releases/download/v0.27.15/plannotator-linux-arm64"
url_api = "https://api.github.com/repos/backnotprop/plannotator/releases/assets/566100473"
provenance = "github-attestations"

[tools."github:backnotprop/plannotator"."platforms.linux-x64"]
checksum = "sha256:efdb33f4e0aa14d66e7f0358773a11cc46f5b5fc225709d6eac4d9e8d965a355"
url = "https://github.com/backnotprop/plannotator/releases/download/v0.27.15/plannotator-linux-x64"
url_api = "https://api.github.com/repos/backnotprop/plannotator/releases/assets/566100466"
provenance = "github-attestations"

[tools."github:backnotprop/plannotator"."platforms.linux-x64-musl"]
checksum = "sha256:efdb33f4e0aa14d66e7f0358773a11cc46f5b5fc225709d6eac4d9e8d965a355"
url = "https://github.com/backnotprop/plannotator/releases/download/v0.27.15/plannotator-linux-x64"
url_api = "https://api.github.com/repos/backnotprop/plannotator/releases/assets/566100466"
provenance = "github-attestations"

[tools."github:backnotprop/plannotator"."platforms.macos-arm64"]
checksum = "sha256:f33e114451fd196bffc46aa217492fc724fe15828ce86007609cfebc08ad5304"
url = "https://github.com/backnotprop/plannotator/releases/download/v0.27.15/plannotator-darwin-arm64"
url_api = "https://api.github.com/repos/backnotprop/plannotator/releases/assets/566100470"
provenance = "github-attestations"

[tools."github:backnotprop/plannotator"."platforms.macos-x64"]
checksum = "sha256:f06092f0e316ade7d115e634e9daecc094325344fe77419619340a1869aec248"
url = "https://github.com/backnotprop/plannotator/releases/download/v0.27.15/plannotator-darwin-x64"
url_api = "https://api.github.com/repos/backnotprop/plannotator/releases/assets/566100459"
provenance = "github-attestations"

[tools."github:backnotprop/plannotator"."platforms.windows-x64"]
checksum = "sha256:abccafefe8958df5eae4bdf8349571bdc37598410136ed21536f91bb32dfe69d"
url = "https://github.com/backnotprop/plannotator/releases/download/v0.27.15/plannotator-win32-x64.exe"
url_api = "https://api.github.com/repos/backnotprop/plannotator/releases/assets/566100447"
provenance = "github-attestations"

[[tools."github:colonyops/hive"]]
version = "0.59.0"
backend = "github:colonyops/hive"
specifiers = ["0.59.0"]

[tools."github:colonyops/hive"."platforms.linux-arm64"]
checksum = "sha256:6def4b58c13ffaa19198a5ed992e409a52ffcceac6172c8ef1cb8e4a8e9c1bed"
url = "https://github.com/colonyops/hive/releases/download/v0.59.0/hive_Linux_arm64.tar.gz"
url_api = "https://api.github.com/repos/colonyops/hive/releases/assets/568161105"

[tools."github:colonyops/hive"."platforms.linux-arm64-musl"]
checksum = "sha256:6def4b58c13ffaa19198a5ed992e409a52ffcceac6172c8ef1cb8e4a8e9c1bed"
url = "https://github.com/colonyops/hive/releases/download/v0.59.0/hive_Linux_arm64.tar.gz"
url_api = "https://api.github.com/repos/colonyops/hive/releases/assets/568161105"

[tools."github:colonyops/hive"."platforms.linux-x64"]
checksum = "sha256:2784fdd3e1870fa3d011d56f3e303c99547726a7d48aa47fde63c2213161bc63"
url = "https://github.com/colonyops/hive/releases/download/v0.59.0/hive_Linux_x86_64.tar.gz"
url_api = "https://api.github.com/repos/colonyops/hive/releases/assets/568161113"

[tools."github:colonyops/hive"."platforms.linux-x64-musl"]
checksum = "sha256:2784fdd3e1870fa3d011d56f3e303c99547726a7d48aa47fde63c2213161bc63"
url = "https://github.com/colonyops/hive/releases/download/v0.59.0/hive_Linux_x86_64.tar.gz"
url_api = "https://api.github.com/repos/colonyops/hive/releases/assets/568161113"

[tools."github:colonyops/hive"."platforms.macos-arm64"]
checksum = "sha256:f6bf9ec540f475685e8903ad4595398ed9378fdc91fba553682432d54df2bdfc"
url = "https://github.com/colonyops/hive/releases/download/v0.59.0/hive_Darwin_arm64.tar.gz"
url_api = "https://api.github.com/repos/colonyops/hive/releases/assets/568161156"

[tools."github:colonyops/hive"."platforms.macos-x64"]
checksum = "sha256:33f9bce1d25e67fd7628eb45038b73e303eae7b1c267adcb53e48afe4d6ce79b"
url = "https://github.com/colonyops/hive/releases/download/v0.59.0/hive_Darwin_x86_64.tar.gz"
url_api = "https://api.github.com/repos/colonyops/hive/releases/assets/568161106"

[[tools."github:googleworkspace/cli"]]
version = "0.22.5"
backend = "github:googleworkspace/cli"
specifiers = ["0.22.5"]

[tools."github:googleworkspace/cli"."platforms.linux-arm64"]
checksum = "sha256:94490295d9580e1e88574e715a0a162991747d12d62f8c7b8dcc8268b6c1cea0"
url = "https://github.com/googleworkspace/cli/releases/download/v0.22.5/google-workspace-cli-aarch64-unknown-linux-gnu.tar.gz"
url_api = "https://api.github.com/repos/googleworkspace/cli/releases/assets/385726970"
provenance = "github-attestations"

[tools."github:googleworkspace/cli"."platforms.linux-arm64-musl"]
checksum = "sha256:e700fe63524932b10ec2130b47ece90aa850e66005fe52ccfc4cf8767bf9919a"
url = "https://github.com/googleworkspace/cli/releases/download/v0.22.5/google-workspace-cli-aarch64-unknown-linux-musl.tar.gz"
url_api = "https://api.github.com/repos/googleworkspace/cli/releases/assets/385726968"
provenance = "github-attestations"

[tools."github:googleworkspace/cli"."platforms.linux-x64"]
checksum = "sha256:de78ecdbd2f1a84cca0063a7ecbc440240fc14b6ebccbb17f4646b792a8c5c1f"
url = "https://github.com/googleworkspace/cli/releases/download/v0.22.5/google-workspace-cli-x86_64-unknown-linux-gnu.tar.gz"
url_api = "https://api.github.com/repos/googleworkspace/cli/releases/assets/385726985"
provenance = "github-attestations"

[tools."github:googleworkspace/cli"."platforms.linux-x64-musl"]
checksum = "sha256:4db473dde4b1ab872e4ff35d769b0d4af1f1a6441a605e79d5cf8ada9c87e920"
url = "https://github.com/googleworkspace/cli/releases/download/v0.22.5/google-workspace-cli-x86_64-unknown-linux-musl.tar.gz"
url_api = "https://api.github.com/repos/googleworkspace/cli/releases/assets/385726987"
provenance = "github-attestations"

[tools."github:googleworkspace/cli"."platforms.macos-arm64"]
checksum = "sha256:1d2a9ffd5bc9b2c2c4b48630daf082fad13d9e57d741988a2c248eed562f7dac"
url = "https://github.com/googleworkspace/cli/releases/download/v0.22.5/google-workspace-cli-aarch64-apple-darwin.tar.gz"
url_api = "https://api.github.com/repos/googleworkspace/cli/releases/assets/385726972"
provenance = "github-attestations"

[tools."github:googleworkspace/cli"."platforms.macos-x64"]
checksum = "sha256:51f9bd731404d4bba26c36e2e30dd68c56dccd1f834c01252cb0b14d6a6544b2"
url = "https://github.com/googleworkspace/cli/releases/download/v0.22.5/google-workspace-cli-x86_64-apple-darwin.tar.gz"
url_api = "https://api.github.com/repos/googleworkspace/cli/releases/assets/385726978"
provenance = "github-attestations"

[tools."github:googleworkspace/cli"."platforms.windows-x64"]
checksum = "sha256:407705d695dc83d48b1c5f50d71b5aa64095bf6f17d5b439b2e9a373bbe67ec2"
url = "https://github.com/googleworkspace/cli/releases/download/v0.22.5/google-workspace-cli-x86_64-pc-windows-msvc.zip"
url_api = "https://api.github.com/repos/googleworkspace/cli/releases/assets/385726984"
provenance = "github-attestations"

[[tools."github:hay-kot/dirwatch"]]
version = "0.1.1"
backend = "github:hay-kot/dirwatch"
specifiers = ["0.1.1"]

[tools."github:hay-kot/dirwatch"."platforms.linux-arm64"]
checksum = "sha256:6563dfc46830c937dacd88eb4a845733cfcac070e47a0eea642fe71ef96f6f5b"
url = "https://github.com/hay-kot/dirwatch/releases/download/v0.1.1/dirwatch_Linux_arm64.tar.gz"
url_api = "https://api.github.com/repos/hay-kot/dirwatch/releases/assets/389701394"

[tools."github:hay-kot/dirwatch"."platforms.linux-arm64-musl"]
checksum = "sha256:6563dfc46830c937dacd88eb4a845733cfcac070e47a0eea642fe71ef96f6f5b"
url = "https://github.com/hay-kot/dirwatch/releases/download/v0.1.1/dirwatch_Linux_arm64.tar.gz"
url_api = "https://api.github.com/repos/hay-kot/dirwatch/releases/assets/389701394"

[tools."github:hay-kot/dirwatch"."platforms.linux-x64"]
checksum = "sha256:d478bc70522f702166a1f4e37c679347a1f5861511181b0f8621c62319c96793"
url = "https://github.com/hay-kot/dirwatch/releases/download/v0.1.1/dirwatch_Linux_x86_64.tar.gz"
url_api = "https://api.github.com/repos/hay-kot/dirwatch/releases/assets/389701393"

[tools."github:hay-kot/dirwatch"."platforms.linux-x64-musl"]
checksum = "sha256:d478bc70522f702166a1f4e37c679347a1f5861511181b0f8621c62319c96793"
url = "https://github.com/hay-kot/dirwatch/releases/download/v0.1.1/dirwatch_Linux_x86_64.tar.gz"
url_api = "https://api.github.com/repos/hay-kot/dirwatch/releases/assets/389701393"

[tools."github:hay-kot/dirwatch"."platforms.macos-arm64"]
checksum = "sha256:d6b7cf13f555ae7d5348398fea27e797a4b1dcd9542d946b3aa193c2285ab48a"
url = "https://github.com/hay-kot/dirwatch/releases/download/v0.1.1/dirwatch_Darwin_arm64.tar.gz"
url_api = "https://api.github.com/repos/hay-kot/dirwatch/releases/assets/389701396"

[tools."github:hay-kot/dirwatch"."platforms.macos-x64"]
checksum = "sha256:4b9d1f64f51174dee18b8aeb6edc71e91fe13ae316200bff17aa2a00cdd88aab"
url = "https://github.com/hay-kot/dirwatch/releases/download/v0.1.1/dirwatch_Darwin_x86_64.tar.gz"
url_api = "https://api.github.com/repos/hay-kot/dirwatch/releases/assets/389701397"

[[tools."github:hay-kot/mi"]]
version = "0.4.0"
backend = "github:hay-kot/mi"
specifiers = ["0.4.0"]

[tools."github:hay-kot/mi"."platforms.linux-arm64"]
checksum = "sha256:f2c7b2536d499dcb734ae54e4d68d4d490d33f85eb85a12bcec40e02bd9bcdbe"
url = "https://github.com/hay-kot/mi/releases/download/v0.4.0/mi_Linux_arm64.tar.gz"
url_api = "https://api.github.com/repos/hay-kot/mi/releases/assets/385979812"

[tools."github:hay-kot/mi"."platforms.linux-arm64-musl"]
checksum = "sha256:f2c7b2536d499dcb734ae54e4d68d4d490d33f85eb85a12bcec40e02bd9bcdbe"
url = "https://github.com/hay-kot/mi/releases/download/v0.4.0/mi_Linux_arm64.tar.gz"
url_api = "https://api.github.com/repos/hay-kot/mi/releases/assets/385979812"

[tools."github:hay-kot/mi"."platforms.linux-x64"]
checksum = "sha256:f669687ed73b2e23a15486a5dec55e7ecf3782755299cd6256694c583ef33586"
url = "https://github.com/hay-kot/mi/releases/download/v0.4.0/mi_Linux_x86_64.tar.gz"
url_api = "https://api.github.com/repos/hay-kot/mi/releases/assets/385979815"

[tools."github:hay-kot/mi"."platforms.linux-x64-musl"]
checksum = "sha256:f669687ed73b2e23a15486a5dec55e7ecf3782755299cd6256694c583ef33586"
url = "https://github.com/hay-kot/mi/releases/download/v0.4.0/mi_Linux_x86_64.tar.gz"
url_api = "https://api.github.com/repos/hay-kot/mi/releases/assets/385979815"

[tools."github:hay-kot/mi"."platforms.macos-arm64"]
checksum = "sha256:6c32ab32ed24ec8a05651c0974c2b1e492bbc58e00fd9c3711aae42dddc8606e"
url = "https://github.com/hay-kot/mi/releases/download/v0.4.0/mi_Darwin_arm64.tar.gz"
url_api = "https://api.github.com/repos/hay-kot/mi/releases/assets/385979825"

[tools."github:hay-kot/mi"."platforms.macos-x64"]
checksum = "sha256:d5bf40368dda44ed2475c80c6675fc966825a0ad61ef7c9b19cc4e9e601800bf"
url = "https://github.com/hay-kot/mi/releases/download/v0.4.0/mi_Darwin_x86_64.tar.gz"
url_api = "https://api.github.com/repos/hay-kot/mi/releases/assets/385979826"

[tools."github:hay-kot/mi"."platforms.windows-x64"]
checksum = "sha256:6a802fd2cdd9155ffcd7335dcca47d802cd8b5ceb68c751dd718e396272aaa0a"
url = "https://github.com/hay-kot/mi/releases/download/v0.4.0/mi_Windows_x86_64.zip"
url_api = "https://api.github.com/repos/hay-kot/mi/releases/assets/385979816"

[[tools.go]]
version = "1.27.1"
backend = "core:go"
specifiers = ["latest"]

[tools.go."platforms.linux-arm64"]
checksum = "sha256:3450b45a3f9ee8568792736a5c5e70a1f2e9b36c35a8f74958c03e51d7d92bec"
url = "https://dl.google.com/go/go1.27.1.linux-arm64.tar.gz"

[tools.go."platforms.linux-arm64-musl"]
checksum = "sha256:3450b45a3f9ee8568792736a5c5e70a1f2e9b36c35a8f74958c03e51d7d92bec"
url = "https://dl.google.com/go/go1.27.1.linux-arm64.tar.gz"

[tools.go."platforms.linux-x64"]
checksum = "sha256:63d339f0da5ab53635a56f2490a7984dfe12dfcff22ad749f63edaf590168445"
url = "https://dl.google.com/go/go1.27.1.linux-amd64.tar.gz"

[tools.go."platforms.linux-x64-musl"]
checksum = "sha256:63d339f0da5ab53635a56f2490a7984dfe12dfcff22ad749f63edaf590168445"
url = "https://dl.google.com/go/go1.27.1.linux-amd64.tar.gz"

[tools.go."platforms.macos-arm64"]
checksum = "sha256:ee215d57e0ec269c60cc9ceca68e6bda321ba9ee5afe24f4b0988703c2d87d12"
url = "https://dl.google.com/go/go1.27.1.darwin-arm64.tar.gz"

[tools.go."platforms.macos-x64"]
checksum = "sha256:8f8f52c6649542cf027bbc9b9c68d1ec042f9f34808a40413f0b8b3f66f3caa4"
url = "https://dl.google.com/go/go1.27.1.darwin-amd64.tar.gz"

[tools.go."platforms.windows-x64"]
checksum = "sha256:a3911b5e0e1b1053f25ed0675f4c1c6aad1e2bfcf253df2b9be4caabd2edd95d"
url = "https://dl.google.com/go/go1.27.1.windows-amd64.zip"

[[tools.node]]
version = "24.15.0"
backend = "core:node"
specifiers = ["24"]

[tools.node."platforms.linux-arm64"]
checksum = "sha256:73afc234d558c24919875f51c2d1ea002a2ada4ea6f83601a383869fefa64eed"
url = "https://nodejs.org/dist/v24.15.0/node-v24.15.0-linux-arm64.tar.gz"

[tools.node."platforms.linux-arm64-musl"]
checksum = "sha256:31e98aa960a067da91edffd5d93bc46657b5d2a8029612c359f5f2ac0060152a"
url = "https://unofficial-builds.nodejs.org/download/release/v24.15.0/node-v24.15.0-linux-arm64-musl.tar.gz"

[tools.node."platforms.linux-x64"]
checksum = "sha256:44836872d9aec49f1e6b52a9a922872db9a2b02d235a616a5681b6a85fec8d89"
url = "https://nodejs.org/dist/v24.15.0/node-v24.15.0-linux-x64.tar.gz"

[tools.node."platforms.linux-x64-musl"]
checksum = "sha256:f55af5bd489c5347b113ca6594cae00a54b30ba57ac5875324311bfc6f4762e3"
url = "https://unofficial-builds.nodejs.org/download/release/v24.15.0/node-v24.15.0-linux-x64-musl.tar.gz"

[tools.node."platforms.macos-arm64"]
checksum = "sha256:372331b969779ab5d15b949884fc6eaf88d5afe87bde8ba881d6400b9100ffc4"
url = "https://nodejs.org/dist/v24.15.0/node-v24.15.0-darwin-arm64.tar.gz"

[tools.node."platforms.macos-x64"]
checksum = "sha256:ffd5ee293467927f3ee731a553eb88fd1f48cf74eebc2d74a6babe4af228673b"
url = "https://nodejs.org/dist/v24.15.0/node-v24.15.0-darwin-x64.tar.gz"

[tools.node."platforms.windows-x64"]
checksum = "sha256:cc5149eabd53779ce1e7bdc5401643622d0c7e6800ade18928a767e940bb0e62"
url = "https://nodejs.org/dist/v24.15.0/node-v24.15.0-win-x64.zip"

[[tools."npm:heroku"]]
version = "11.10.0"
aube = { path = "locks/npm-heroku/11.10.0", digest = "sha256:535a586c779738d3ce0294a8929f710d644c67db54fd94c3a177a7021b086f57" }
backend = "npm:heroku"
specifiers = ["11.10.0"]

[[tools."npm:typescript"]]
version = "7.0.2"
aube = { path = "locks/npm-typescript/7.0.2", digest = "sha256:3d06b3b23564c68cdad7815c356edb1506fab1c42bfb8c54234134fd9650ec17" }
backend = "npm:typescript"
specifiers = ["latest"]

[[tools.ruby]]
version = "3.4.9"
backend = "core:ruby"
specifiers = ["3"]

[tools.ruby."platforms.windows-x64"]
checksum = "sha256:4375268618b61dadf53bf8e54beaca74ea30580c90d3c47ea9f2a134bd3e494e"
url = "https://github.com/oneclick/rubyinstaller2/releases/download/RubyInstaller-3.4.9-1/rubyinstaller-3.4.9-1-x64.7z"

[[tools.ruby]]
version = "3.4.9"
backend = "core:ruby"
specifiers = ["3"]

[tools.ruby.options]
compile = "false"
precompiled_url = "jdx/ruby"
ruby_build_repo = "https://github.com/rbenv/ruby-build.git"
ruby_install = "false"

[tools.ruby."platforms.linux-arm64"]
checksum = "sha256:57158038eb54f5b56d0ee9bea792c972643729a74e5dd2fd3eef30e79cef527b"
url = "https://github.com/jdx/ruby/releases/download/3.4.9-6/ruby-3.4.9.arm64_linux.tar.gz"
provenance = "github-attestations"

[tools.ruby."platforms.linux-arm64-musl"]
checksum = "sha256:7bb4d4f5e807cc27251d14d9d6086d182c5b25875191e44ab15b709cd7a7dd9c"
url = "https://cache.ruby-lang.org/pub/ruby/3.4/ruby-3.4.9.tar.gz"

[tools.ruby."platforms.linux-x64"]
checksum = "sha256:47ce5b193d7a835944f2fb30562a6494eaaed4490e7228a455a88bb0f4fa6ad0"
url = "https://github.com/jdx/ruby/releases/download/3.4.9-6/ruby-3.4.9.x86_64_linux.tar.gz"
provenance = "github-attestations"

[tools.ruby."platforms.linux-x64-musl"]
checksum = "sha256:7bb4d4f5e807cc27251d14d9d6086d182c5b25875191e44ab15b709cd7a7dd9c"
url = "https://cache.ruby-lang.org/pub/ruby/3.4/ruby-3.4.9.tar.gz"

[tools.ruby."platforms.macos-arm64"]
checksum = "sha256:ad3aada8e134fb7510d32f0f2e1d82dac352b711a61304f703d3ecd8a10833de"
url = "https://github.com/jdx/ruby/releases/download/3.4.9-6/ruby-3.4.9.macos.tar.gz"
provenance = "github-attestations"

[tools.ruby."platforms.macos-x64"]
checksum = "sha256:7bb4d4f5e807cc27251d14d9d6086d182c5b25875191e44ab15b709cd7a7dd9c"
url = "https://cache.ruby-lang.org/pub/ruby/3.4/ruby-3.4.9.tar.gz"

[[tools.shellcheck]]
version = "0.11.0"
backend = "aqua:koalaman/shellcheck"
specifiers = ["0.11.0"]

[tools.shellcheck."platforms.linux-arm64"]
checksum = "sha256:12b331c1d2db6b9eb13cfca64306b1b157a86eb69db83023e261eaa7e7c14588"
url = "https://github.com/koalaman/shellcheck/releases/download/v0.11.0/shellcheck-v0.11.0.linux.aarch64.tar.xz"
url_api = "https://api.github.com/repos/koalaman/shellcheck/releases/assets/279056934"

[tools.shellcheck."platforms.linux-arm64-musl"]
checksum = "sha256:12b331c1d2db6b9eb13cfca64306b1b157a86eb69db83023e261eaa7e7c14588"
url = "https://github.com/koalaman/shellcheck/releases/download/v0.11.0/shellcheck-v0.11.0.linux.aarch64.tar.xz"
url_api = "https://api.github.com/repos/koalaman/shellcheck/releases/assets/279056934"

[tools.shellcheck."platforms.linux-x64"]
checksum = "sha256:8c3be12b05d5c177a04c29e3c78ce89ac86f1595681cab149b65b97c4e227198"
url = "https://github.com/koalaman/shellcheck/releases/download/v0.11.0/shellcheck-v0.11.0.linux.x86_64.tar.xz"
url_api = "https://api.github.com/repos/koalaman/shellcheck/releases/assets/279056942"

[tools.shellcheck."platforms.linux-x64-musl"]
checksum = "sha256:8c3be12b05d5c177a04c29e3c78ce89ac86f1595681cab149b65b97c4e227198"
url = "https://github.com/koalaman/shellcheck/releases/download/v0.11.0/shellcheck-v0.11.0.linux.x86_64.tar.xz"
url_api = "https://api.github.com/repos/koalaman/shellcheck/releases/assets/279056942"

[tools.shellcheck."platforms.macos-arm64"]
checksum = "sha256:56affdd8de5527894dca6dc3d7e0a99a873b0f004d7aabc30ae407d3f48b0a79"
url = "https://github.com/koalaman/shellcheck/releases/download/v0.11.0/shellcheck-v0.11.0.darwin.aarch64.tar.xz"
url_api = "https://api.github.com/repos/koalaman/shellcheck/releases/assets/279056932"

[tools.shellcheck."platforms.macos-x64"]
checksum = "sha256:3c89db4edcab7cf1c27bff178882e0f6f27f7afdf54e859fa041fca10febe4c6"
url = "https://github.com/koalaman/shellcheck/releases/download/v0.11.0/shellcheck-v0.11.0.darwin.x86_64.tar.xz"
url_api = "https://api.github.com/repos/koalaman/shellcheck/releases/assets/279056930"

[tools.shellcheck."platforms.windows-x64"]
checksum = "sha256:8a4e35ab0b331c85d73567b12f2a444df187f483e5079ceffa6bda1faa2e740e"
url = "https://github.com/koalaman/shellcheck/releases/download/v0.11.0/shellcheck-v0.11.0.zip"
url_api = "https://api.github.com/repos/koalaman/shellcheck/releases/assets/279056944"

[[tools.sops]]
version = "3.12.2"
backend = "aqua:getsops/sops"
specifiers = ["3.12.2"]

[tools.sops."platforms.linux-arm64"]
checksum = "sha256:f66de6f528dca946e910d74fa36a62a7714c11d0db16bd3c9bd8acf73b66704b"
url = "https://github.com/getsops/sops/releases/download/v3.12.2/sops-v3.12.2.linux.arm64"
url_api = "https://api.github.com/repos/getsops/sops/releases/assets/376249985"

[tools.sops."platforms.linux-arm64".provenance.slsa]
url = "https://github.com/getsops/sops/releases/download/v3.12.2/sops-v3.12.2.intoto.jsonl"

[tools.sops."platforms.linux-arm64-musl"]
checksum = "sha256:f66de6f528dca946e910d74fa36a62a7714c11d0db16bd3c9bd8acf73b66704b"
url = "https://github.com/getsops/sops/releases/download/v3.12.2/sops-v3.12.2.linux.arm64"
url_api = "https://api.github.com/repos/getsops/sops/releases/assets/376249985"

[tools.sops."platforms.linux-arm64-musl".provenance.slsa]
url = "https://github.com/getsops/sops/releases/download/v3.12.2/sops-v3.12.2.intoto.jsonl"

[tools.sops."platforms.linux-x64"]
checksum = "sha256:14e2e1ba3bef31e74b70cf0b674f6443c80f6c5f3df15d05ffc57c34851b4998"
url = "https://github.com/getsops/sops/releases/download/v3.12.2/sops-v3.12.2.linux.amd64"
url_api = "https://api.github.com/repos/getsops/sops/releases/assets/376249998"

[tools.sops."platforms.linux-x64".provenance.slsa]
url = "https://github.com/getsops/sops/releases/download/v3.12.2/sops-v3.12.2.intoto.jsonl"

[tools.sops."platforms.linux-x64-musl"]
checksum = "sha256:14e2e1ba3bef31e74b70cf0b674f6443c80f6c5f3df15d05ffc57c34851b4998"
url = "https://github.com/getsops/sops/releases/download/v3.12.2/sops-v3.12.2.linux.amd64"
url_api = "https://api.github.com/repos/getsops/sops/releases/assets/376249998"

[tools.sops."platforms.linux-x64-musl".provenance.slsa]
url = "https://github.com/getsops/sops/releases/download/v3.12.2/sops-v3.12.2.intoto.jsonl"

[tools.sops."platforms.macos-arm64"]
checksum = "sha256:284edc64acf91ca249f227ffa2b444632656e4e1ac02baa26bed7051a7d51ce5"
url = "https://github.com/getsops/sops/releases/download/v3.12.2/sops-v3.12.2.darwin.arm64"
url_api = "https://api.github.com/repos/getsops/sops/releases/assets/376249982"

[tools.sops."platforms.macos-arm64".provenance.slsa]
url = "https://github.com/getsops/sops/releases/download/v3.12.2/sops-v3.12.2.intoto.jsonl"

[tools.sops."platforms.macos-x64"]
checksum = "sha256:767c0dcb42e052fd6f2ac17d4473eca6f5fc4910e2b70127f1308d86c606c022"
url = "https://github.com/getsops/sops/releases/download/v3.12.2/sops-v3.12.2.darwin.amd64"
url_api = "https://api.github.com/repos/getsops/sops/releases/assets/376249984"

[tools.sops."platforms.macos-x64".provenance.slsa]
url = "https://github.com/getsops/sops/releases/download/v3.12.2/sops-v3.12.2.intoto.jsonl"

[tools.sops."platforms.windows-x64"]
checksum = "sha256:5e777b1854ab2a6271d8f66375970e1fe3eea838251c309de151d16a2bdf13a2"
url = "https://github.com/getsops/sops/releases/download/v3.12.2/sops-v3.12.2.amd64.exe"
url_api = "https://api.github.com/repos/getsops/sops/releases/assets/376250000"

[tools.sops."platforms.windows-x64".provenance.slsa]
url = "https://github.com/getsops/sops/releases/download/v3.12.2/sops-v3.12.2.intoto.jsonl"
