# @generated - this file is auto-generated by `mise lock` https://mise.jdx.dev/dev-tools/mise-lock.html

lockfile_version = 2

[[tools.crossplane]]
version = "2.5.0"
backend = "aqua:crossplane/cli"
specifiers = ["2.5.0"]

[tools.crossplane."platforms.linux-arm64"]
url = "https://cli.crossplane.io/stable/v2.5.0/bin/linux_arm64/crossplane"

[tools.crossplane."platforms.linux-arm64-musl"]
url = "https://cli.crossplane.io/stable/v2.5.0/bin/linux_arm64/crossplane"

[tools.crossplane."platforms.linux-x64"]
url = "https://cli.crossplane.io/stable/v2.5.0/bin/linux_amd64/crossplane"

[tools.crossplane."platforms.linux-x64-musl"]
url = "https://cli.crossplane.io/stable/v2.5.0/bin/linux_amd64/crossplane"

[tools.crossplane."platforms.macos-arm64"]
checksum = "blake3:7aa866e8b2dc5b563e0800219a36b4843174668bad9513f6a10e8a99373fe7a7"
url = "https://cli.crossplane.io/stable/v2.5.0/bin/darwin_arm64/crossplane"

[tools.crossplane."platforms.macos-x64"]
url = "https://cli.crossplane.io/stable/v2.5.0/bin/darwin_amd64/crossplane"

[tools.crossplane."platforms.windows-x64"]
url = "https://cli.crossplane.io/stable/v2.5.0/bin/windows_amd64/crossplane.exe"

[[tools.go-jsonnet]]
version = "0.21.0"
backend = "aqua:google/go-jsonnet"
specifiers = ["0.21.0"]

[tools.go-jsonnet."platforms.linux-arm64"]
checksum = "sha256:4a263da605dbe2edb99529f495266211062fac476789f2119408bc223338f1d6"
url = "https://github.com/google/go-jsonnet/releases/download/v0.21.0/go-jsonnet_Linux_arm64.tar.gz"
url_api = "https://api.github.com/repos/google/go-jsonnet/releases/assets/252641750"

[tools.go-jsonnet."platforms.linux-arm64-musl"]
checksum = "sha256:4a263da605dbe2edb99529f495266211062fac476789f2119408bc223338f1d6"
url = "https://github.com/google/go-jsonnet/releases/download/v0.21.0/go-jsonnet_Linux_arm64.tar.gz"
url_api = "https://api.github.com/repos/google/go-jsonnet/releases/assets/252641750"

[tools.go-jsonnet."platforms.linux-x64"]
checksum = "sha256:ad3181fde77726b02d17eb4e72687020bf2cb35b9336cdeaaca4783c7ff104f7"
url = "https://github.com/google/go-jsonnet/releases/download/v0.21.0/go-jsonnet_Linux_x86_64.tar.gz"
url_api = "https://api.github.com/repos/google/go-jsonnet/releases/assets/252641746"

[tools.go-jsonnet."platforms.linux-x64-musl"]
checksum = "sha256:ad3181fde77726b02d17eb4e72687020bf2cb35b9336cdeaaca4783c7ff104f7"
url = "https://github.com/google/go-jsonnet/releases/download/v0.21.0/go-jsonnet_Linux_x86_64.tar.gz"
url_api = "https://api.github.com/repos/google/go-jsonnet/releases/assets/252641746"

[tools.go-jsonnet."platforms.macos-arm64"]
checksum = "sha256:398189a264e31a2c1316eed8ee6308306a221fd10b72f405def0100d295efeac"
url = "https://github.com/google/go-jsonnet/releases/download/v0.21.0/go-jsonnet_Darwin_arm64.tar.gz"
url_api = "https://api.github.com/repos/google/go-jsonnet/releases/assets/252641743"

[tools.go-jsonnet."platforms.macos-x64"]
checksum = "sha256:a6cee4b381d2319fa807d7a7bf8a4ecf2d0cca64e2bcd53eeaa575ce1f7689a4"
url = "https://github.com/google/go-jsonnet/releases/download/v0.21.0/go-jsonnet_Darwin_x86_64.tar.gz"
url_api = "https://api.github.com/repos/google/go-jsonnet/releases/assets/252641745"

[tools.go-jsonnet."platforms.windows-x64"]
checksum = "sha256:81d71a287ee5dfd0860831eeac281a7327ce8876d5fe9a8b7e19726dbbc0ce4f"
url = "https://github.com/google/go-jsonnet/releases/download/v0.21.0/go-jsonnet_Windows_x86_64.tar.gz"
url_api = "https://api.github.com/repos/google/go-jsonnet/releases/assets/252641739"

[[tools.jsonnet-bundler]]
version = "0.6.0"
backend = "aqua:jsonnet-bundler/jsonnet-bundler"
specifiers = ["0.6.0"]

[tools.jsonnet-bundler."platforms.linux-arm64"]
url = "https://github.com/jsonnet-bundler/jsonnet-bundler/releases/download/v0.6.0/jb-linux-arm64"
url_api = "https://api.github.com/repos/jsonnet-bundler/jsonnet-bundler/releases/assets/187841763"

[tools.jsonnet-bundler."platforms.linux-arm64-musl"]
url = "https://github.com/jsonnet-bundler/jsonnet-bundler/releases/download/v0.6.0/jb-linux-arm64"
url_api = "https://api.github.com/repos/jsonnet-bundler/jsonnet-bundler/releases/assets/187841763"

[tools.jsonnet-bundler."platforms.linux-x64"]
url = "https://github.com/jsonnet-bundler/jsonnet-bundler/releases/download/v0.6.0/jb-linux-amd64"
url_api = "https://api.github.com/repos/jsonnet-bundler/jsonnet-bundler/releases/assets/187841752"

[tools.jsonnet-bundler."platforms.linux-x64-musl"]
url = "https://github.com/jsonnet-bundler/jsonnet-bundler/releases/download/v0.6.0/jb-linux-amd64"
url_api = "https://api.github.com/repos/jsonnet-bundler/jsonnet-bundler/releases/assets/187841752"

[tools.jsonnet-bundler."platforms.macos-arm64"]
url = "https://github.com/jsonnet-bundler/jsonnet-bundler/releases/download/v0.6.0/jb-darwin-arm64"
url_api = "https://api.github.com/repos/jsonnet-bundler/jsonnet-bundler/releases/assets/187841749"

[tools.jsonnet-bundler."platforms.macos-x64"]
url = "https://github.com/jsonnet-bundler/jsonnet-bundler/releases/download/v0.6.0/jb-darwin-amd64"
url_api = "https://api.github.com/repos/jsonnet-bundler/jsonnet-bundler/releases/assets/187841744"

[tools.jsonnet-bundler."platforms.windows-x64"]
url = "https://github.com/jsonnet-bundler/jsonnet-bundler/releases/download/v0.6.0/jb-windows-amd64.exe"
url_api = "https://api.github.com/repos/jsonnet-bundler/jsonnet-bundler/releases/assets/187841767"

[[tools.k3d]]
version = "5.8.3"
backend = "aqua:k3d-io/k3d"
specifiers = ["5.8.3"]

[tools.k3d."platforms.linux-arm64"]
checksum = "sha256:0b8110f2229631af7402fb828259330985918b08fefd38b7f1b788a1c8687216"
url = "https://github.com/k3d-io/k3d/releases/download/v5.8.3/k3d-linux-arm64"
url_api = "https://api.github.com/repos/k3d-io/k3d/releases/assets/229450023"

[tools.k3d."platforms.linux-arm64-musl"]
checksum = "sha256:0b8110f2229631af7402fb828259330985918b08fefd38b7f1b788a1c8687216"
url = "https://github.com/k3d-io/k3d/releases/download/v5.8.3/k3d-linux-arm64"
url_api = "https://api.github.com/repos/k3d-io/k3d/releases/assets/229450023"

[tools.k3d."platforms.linux-x64"]
checksum = "sha256:dbaa79a76ace7f4ca230a1ff41dc7d8a5036a8ad0309e9c54f9bf3836dbe853e"
url = "https://github.com/k3d-io/k3d/releases/download/v5.8.3/k3d-linux-amd64"
url_api = "https://api.github.com/repos/k3d-io/k3d/releases/assets/229450045"

[tools.k3d."platforms.linux-x64-musl"]
checksum = "sha256:dbaa79a76ace7f4ca230a1ff41dc7d8a5036a8ad0309e9c54f9bf3836dbe853e"
url = "https://github.com/k3d-io/k3d/releases/download/v5.8.3/k3d-linux-amd64"
url_api = "https://api.github.com/repos/k3d-io/k3d/releases/assets/229450045"

[tools.k3d."platforms.macos-arm64"]
checksum = "sha256:8da468daa7dc7cf7cdd4735f90a9bb05179fa27858250f62e3d8cdf5b5ca0698"
url = "https://github.com/k3d-io/k3d/releases/download/v5.8.3/k3d-darwin-arm64"
url_api = "https://api.github.com/repos/k3d-io/k3d/releases/assets/229450067"

[tools.k3d."platforms.macos-x64"]
checksum = "sha256:fd0f8e9e8ea4d8bc3674572ca6ed0833b639bf57c43c708616d937377324cfea"
url = "https://github.com/k3d-io/k3d/releases/download/v5.8.3/k3d-darwin-amd64"
url_api = "https://api.github.com/repos/k3d-io/k3d/releases/assets/229450076"

[tools.k3d."platforms.windows-x64"]
checksum = "sha256:655d2aadcb1f0a0dd196c5cbc564687ba945a9547c8e82c9fc532051fb260e22"
url = "https://github.com/k3d-io/k3d/releases/download/v5.8.3/k3d-windows-amd64.exe"
url_api = "https://api.github.com/repos/k3d-io/k3d/releases/assets/229450011"

[[tools.k6]]
version = "1.6.1"
backend = "aqua:grafana/k6"
specifiers = ["1.6.1"]

[tools.k6."platforms.linux-arm64"]
checksum = "sha256:698e47804a8cf679237dc7f19813e2967e0a892d4b9387f6f6de46da259069f9"
url = "https://github.com/grafana/k6/releases/download/v1.6.1/k6-v1.6.1-linux-arm64.tar.gz"
url_api = "https://api.github.com/repos/grafana/k6/releases/assets/356693406"

[tools.k6."platforms.linux-arm64-musl"]
checksum = "sha256:698e47804a8cf679237dc7f19813e2967e0a892d4b9387f6f6de46da259069f9"
url = "https://github.com/grafana/k6/releases/download/v1.6.1/k6-v1.6.1-linux-arm64.tar.gz"
url_api = "https://api.github.com/repos/grafana/k6/releases/assets/356693406"

[tools.k6."platforms.linux-x64"]
checksum = "sha256:68df4958a1b089dc6f70a234e07c7ec818922f83b261ca24f3abf79882b13343"
url = "https://github.com/grafana/k6/releases/download/v1.6.1/k6-v1.6.1-linux-amd64.tar.gz"
url_api = "https://api.github.com/repos/grafana/k6/releases/assets/356693410"

[tools.k6."platforms.linux-x64-musl"]
checksum = "sha256:68df4958a1b089dc6f70a234e07c7ec818922f83b261ca24f3abf79882b13343"
url = "https://github.com/grafana/k6/releases/download/v1.6.1/k6-v1.6.1-linux-amd64.tar.gz"
url_api = "https://api.github.com/repos/grafana/k6/releases/assets/356693410"

[tools.k6."platforms.macos-arm64"]
checksum = "sha256:104c4b8f3784d2e1899b4f0b9d9197538d9657d9eb9a9631638a58b72b2e9434"
url = "https://github.com/grafana/k6/releases/download/v1.6.1/k6-v1.6.1-macos-arm64.zip"
url_api = "https://api.github.com/repos/grafana/k6/releases/assets/356693414"

[tools.k6."platforms.macos-x64"]
checksum = "sha256:93d54398159c2cae1c5fecbb6c6abd5d12a8e43f181f2b246749b4320d08516e"
url = "https://github.com/grafana/k6/releases/download/v1.6.1/k6-v1.6.1-macos-amd64.zip"
url_api = "https://api.github.com/repos/grafana/k6/releases/assets/356693411"

[tools.k6."platforms.windows-x64"]
checksum = "sha256:6a6c029bd98cdbe245dbc7305755783d45a31a01a75d4377533f8d88021685dc"
url = "https://github.com/grafana/k6/releases/download/v1.6.1/k6-v1.6.1-windows-amd64.zip"
url_api = "https://api.github.com/repos/grafana/k6/releases/assets/356693418"

[[tools.k9s]]
version = "0.50.18"
backend = "aqua:derailed/k9s"
specifiers = ["0.50.18"]

[tools.k9s."platforms.linux-arm64"]
checksum = "sha256:d3dcc051d6be26ee911c00f583412802ebe203a189e51bc079332cb410c83b38"
url = "https://github.com/derailed/k9s/releases/download/v0.50.18/k9s_Linux_arm64.tar.gz"
url_api = "https://api.github.com/repos/derailed/k9s/releases/assets/339162564"

[tools.k9s."platforms.linux-arm64-musl"]
checksum = "sha256:d3dcc051d6be26ee911c00f583412802ebe203a189e51bc079332cb410c83b38"
url = "https://github.com/derailed/k9s/releases/download/v0.50.18/k9s_Linux_arm64.tar.gz"
url_api = "https://api.github.com/repos/derailed/k9s/releases/assets/339162564"

[tools.k9s."platforms.linux-x64"]
checksum = "sha256:0b697ed4aa80997f7de4deeed6f1fba73df191b28bf691b1f28d2f45fa2a9e9b"
url = "https://github.com/derailed/k9s/releases/download/v0.50.18/k9s_Linux_amd64.tar.gz"
url_api = "https://api.github.com/repos/derailed/k9s/releases/assets/339162570"

[tools.k9s."platforms.linux-x64-musl"]
checksum = "sha256:0b697ed4aa80997f7de4deeed6f1fba73df191b28bf691b1f28d2f45fa2a9e9b"
url = "https://github.com/derailed/k9s/releases/download/v0.50.18/k9s_Linux_amd64.tar.gz"
url_api = "https://api.github.com/repos/derailed/k9s/releases/assets/339162570"

[tools.k9s."platforms.macos-arm64"]
checksum = "sha256:68ff1541c60620466989019e86101805c1b6c70a746b1561261a403801f7fd48"
url = "https://github.com/derailed/k9s/releases/download/v0.50.18/k9s_Darwin_arm64.tar.gz"
url_api = "https://api.github.com/repos/derailed/k9s/releases/assets/339162567"

[tools.k9s."platforms.macos-x64"]
checksum = "sha256:80f3e30767ad3603bec9664db019e85f94493aa741d7755553ee6e47876df30e"
url = "https://github.com/derailed/k9s/releases/download/v0.50.18/k9s_Darwin_amd64.tar.gz"
url_api = "https://api.github.com/repos/derailed/k9s/releases/assets/339162566"

[tools.k9s."platforms.windows-x64"]
checksum = "sha256:9d4e8672c4e55c04cb137475062bc88da7fc0878e04d53df181196449600da16"
url = "https://github.com/derailed/k9s/releases/download/v0.50.18/k9s_Windows_amd64.zip"
url_api = "https://api.github.com/repos/derailed/k9s/releases/assets/339162572"

[[tools.kind]]
version = "0.31.0"
backend = "aqua:kubernetes-sigs/kind"
specifiers = ["0.31.0"]

[tools.kind."platforms.linux-arm64"]
checksum = "sha256:8e1014e87c34901cc422a1445866835d1e666f2a61301c27e722bdeab5a1f7e4"
url = "https://github.com/kubernetes-sigs/kind/releases/download/v0.31.0/kind-linux-arm64"
url_api = "https://api.github.com/repos/kubernetes-sigs/kind/releases/assets/330009872"

[tools.kind."platforms.linux-arm64-musl"]
checksum = "sha256:8e1014e87c34901cc422a1445866835d1e666f2a61301c27e722bdeab5a1f7e4"
url = "https://github.com/kubernetes-sigs/kind/releases/download/v0.31.0/kind-linux-arm64"
url_api = "https://api.github.com/repos/kubernetes-sigs/kind/releases/assets/330009872"

[tools.kind."platforms.linux-x64"]
checksum = "sha256:eb244cbafcc157dff60cf68693c14c9a75c4e6e6fedaf9cd71c58117cb93e3fa"
url = "https://github.com/kubernetes-sigs/kind/releases/download/v0.31.0/kind-linux-amd64"
url_api = "https://api.github.com/repos/kubernetes-sigs/kind/releases/assets/330009836"

[tools.kind."platforms.linux-x64-musl"]
checksum = "sha256:eb244cbafcc157dff60cf68693c14c9a75c4e6e6fedaf9cd71c58117cb93e3fa"
url = "https://github.com/kubernetes-sigs/kind/releases/download/v0.31.0/kind-linux-amd64"
url_api = "https://api.github.com/repos/kubernetes-sigs/kind/releases/assets/330009836"

[tools.kind."platforms.macos-arm64"]
checksum = "sha256:88bf554fe9da6311c9f8c2d082613c002911a476f6b5090e9420b35d84e70c5c"
url = "https://github.com/kubernetes-sigs/kind/releases/download/v0.31.0/kind-darwin-arm64"
url_api = "https://api.github.com/repos/kubernetes-sigs/kind/releases/assets/330009824"

[tools.kind."platforms.macos-x64"]
checksum = "sha256:a8b3cf77b2ad77aec5bf710d1a2589d9117576132af812885cad41e9dede4d4e"
url = "https://github.com/kubernetes-sigs/kind/releases/download/v0.31.0/kind-darwin-amd64"
url_api = "https://api.github.com/repos/kubernetes-sigs/kind/releases/assets/330009808"

[tools.kind."platforms.windows-x64"]
checksum = "sha256:2c3a9ff954de16244380778683cf99e271bfc2fac9c6c4e797e4623c45e59d9d"
url = "https://github.com/kubernetes-sigs/kind/releases/download/v0.31.0/kind-windows-amd64"
url_api = "https://api.github.com/repos/kubernetes-sigs/kind/releases/assets/330009913"

[[tools.kubectl]]
version = "1.35.2"
backend = "aqua:kubernetes/kubernetes/kubectl"
specifiers = ["1.35.2"]

[tools.kubectl."platforms.linux-arm64"]
checksum = "sha256:cd859449f54ad2cb05b491c490c13bb836cdd0886ae013c0aed3dd67ff747467"
url = "https://dl.k8s.io/v1.35.2/bin/linux/arm64/kubectl"

[tools.kubectl."platforms.linux-arm64-musl"]
checksum = "sha256:cd859449f54ad2cb05b491c490c13bb836cdd0886ae013c0aed3dd67ff747467"
url = "https://dl.k8s.io/v1.35.2/bin/linux/arm64/kubectl"

[tools.kubectl."platforms.linux-x64"]
checksum = "sha256:924eb50779153f20cb668117d141440b95df2f325a64452d78dff9469145e277"
url = "https://dl.k8s.io/v1.35.2/bin/linux/amd64/kubectl"

[tools.kubectl."platforms.linux-x64-musl"]
checksum = "sha256:924eb50779153f20cb668117d141440b95df2f325a64452d78dff9469145e277"
url = "https://dl.k8s.io/v1.35.2/bin/linux/amd64/kubectl"

[tools.kubectl."platforms.macos-arm64"]
checksum = "sha256:b0b59cdd7ba20ca20b85214943100e578dd50ddd85242fcddf277a87c2249706"
url = "https://dl.k8s.io/v1.35.2/bin/darwin/arm64/kubectl"

[tools.kubectl."platforms.macos-x64"]
checksum = "sha256:163955964d4ed9e66656eab45c0114f5c1110d1b430ace432b20ddc430023df5"
url = "https://dl.k8s.io/v1.35.2/bin/darwin/amd64/kubectl"

[tools.kubectl."platforms.windows-x64"]
checksum = "sha256:a6d02010aae330a3031afe7843747d5a18db59c9f0bca415e45fb24bbdccdd2c"
url = "https://dl.k8s.io/v1.35.2/bin/windows/amd64/kubectl.exe"

[[tools.kubectx]]
version = "0.9.5"
backend = "aqua:ahmetb/kubectx"
specifiers = ["0.9.5"]

[tools.kubectx."platforms.linux-arm64"]
checksum = "sha256:40a69c3156984cffb2766e729c8d756aa8d8c0926ef697ae8be12bd25161cd35"
url = "https://github.com/ahmetb/kubectx/releases/download/v0.9.5/kubectx_v0.9.5_linux_arm64.tar.gz"
url_api = "https://api.github.com/repos/ahmetb/kubectx/releases/assets/116932592"

[tools.kubectx."platforms.linux-arm64-musl"]
checksum = "sha256:40a69c3156984cffb2766e729c8d756aa8d8c0926ef697ae8be12bd25161cd35"
url = "https://github.com/ahmetb/kubectx/releases/download/v0.9.5/kubectx_v0.9.5_linux_arm64.tar.gz"
url_api = "https://api.github.com/repos/ahmetb/kubectx/releases/assets/116932592"

[tools.kubectx."platforms.linux-x64"]
checksum = "sha256:a2247ffd23e79f89abdd0e8173379d7172511f02a3f63c9936d3824e0dd60648"
url = "https://github.com/ahmetb/kubectx/releases/download/v0.9.5/kubectx_v0.9.5_linux_x86_64.tar.gz"
url_api = "https://api.github.com/repos/ahmetb/kubectx/releases/assets/116932582"

[tools.kubectx."platforms.linux-x64-musl"]
checksum = "sha256:a2247ffd23e79f89abdd0e8173379d7172511f02a3f63c9936d3824e0dd60648"
url = "https://github.com/ahmetb/kubectx/releases/download/v0.9.5/kubectx_v0.9.5_linux_x86_64.tar.gz"
url_api = "https://api.github.com/repos/ahmetb/kubectx/releases/assets/116932582"

[tools.kubectx."platforms.macos-arm64"]
checksum = "sha256:1ea0dff5c6e7ebbe77b9e689c8b4ca17e8406b36fea88bfc221fefc25ae71a60"
url = "https://github.com/ahmetb/kubectx/releases/download/v0.9.5/kubectx_v0.9.5_darwin_arm64.tar.gz"
url_api = "https://api.github.com/repos/ahmetb/kubectx/releases/assets/116932590"

[tools.kubectx."platforms.macos-x64"]
checksum = "sha256:38a724102338542503169158d262e502f12485976a49d0fbc555293a9b39782b"
url = "https://github.com/ahmetb/kubectx/releases/download/v0.9.5/kubectx_v0.9.5_darwin_x86_64.tar.gz"
url_api = "https://api.github.com/repos/ahmetb/kubectx/releases/assets/116932588"

[tools.kubectx."platforms.windows-x64"]
checksum = "sha256:cfff77b5c59ed37e0aff39b16effb2c4cc47ccb96d58999a0fe5c6e2fa3c0013"
url = "https://github.com/ahmetb/kubectx/releases/download/v0.9.5/kubectx_v0.9.5_windows_x86_64.zip"
url_api = "https://api.github.com/repos/ahmetb/kubectx/releases/assets/116932594"

[[tools.kustomize]]
version = "5.8.1"
backend = "aqua:kubernetes-sigs/kustomize"
specifiers = ["5.8.1"]

[tools.kustomize."platforms.linux-arm64"]
checksum = "sha256:0953ea3e476f66d6ddfcd911d750f5167b9365aa9491b2326398e289fef2c142"
url = "https://github.com/kubernetes-sigs/kustomize/releases/download/kustomize/v5.8.1/kustomize_v5.8.1_linux_arm64.tar.gz"
url_api = "https://api.github.com/repos/kubernetes-sigs/kustomize/releases/assets/353160971"

[tools.kustomize."platforms.linux-arm64-musl"]
checksum = "sha256:0953ea3e476f66d6ddfcd911d750f5167b9365aa9491b2326398e289fef2c142"
url = "https://github.com/kubernetes-sigs/kustomize/releases/download/kustomize/v5.8.1/kustomize_v5.8.1_linux_arm64.tar.gz"
url_api = "https://api.github.com/repos/kubernetes-sigs/kustomize/releases/assets/353160971"

[tools.kustomize."platforms.linux-x64"]
checksum = "sha256:029a7f0f4e1932c52a0476cf02a0fd855c0bb85694b82c338fc648dcb53a819d"
url = "https://github.com/kubernetes-sigs/kustomize/releases/download/kustomize/v5.8.1/kustomize_v5.8.1_linux_amd64.tar.gz"
url_api = "https://api.github.com/repos/kubernetes-sigs/kustomize/releases/assets/353160972"

[tools.kustomize."platforms.linux-x64-musl"]
checksum = "sha256:029a7f0f4e1932c52a0476cf02a0fd855c0bb85694b82c338fc648dcb53a819d"
url = "https://github.com/kubernetes-sigs/kustomize/releases/download/kustomize/v5.8.1/kustomize_v5.8.1_linux_amd64.tar.gz"
url_api = "https://api.github.com/repos/kubernetes-sigs/kustomize/releases/assets/353160972"

[tools.kustomize."platforms.macos-arm64"]
checksum = "sha256:8886f8a78474e608cc81234f729fda188a9767da23e28925802f00ece2bab288"
url = "https://github.com/kubernetes-sigs/kustomize/releases/download/kustomize/v5.8.1/kustomize_v5.8.1_darwin_arm64.tar.gz"
url_api = "https://api.github.com/repos/kubernetes-sigs/kustomize/releases/assets/353160975"

[tools.kustomize."platforms.macos-x64"]
checksum = "sha256:ee7cf0c1e3592aa7bb66ba82b359933a95e7f2e0b36e5f53ed0a4535b017f2f8"
url = "https://github.com/kubernetes-sigs/kustomize/releases/download/kustomize/v5.8.1/kustomize_v5.8.1_darwin_amd64.tar.gz"
url_api = "https://api.github.com/repos/kubernetes-sigs/kustomize/releases/assets/353160974"

[tools.kustomize."platforms.windows-x64"]
checksum = "sha256:8ec7f5e815e526d4622c06df0a7793d8cfb6eb1c74f816b46166097fef8b26c6"
url = "https://github.com/kubernetes-sigs/kustomize/releases/download/kustomize/v5.8.1/kustomize_v5.8.1_windows_amd64.zip"
url_api = "https://api.github.com/repos/kubernetes-sigs/kustomize/releases/assets/353160980"

[[tools.tanka]]
version = "0.36.3"
backend = "aqua:grafana/tanka"
specifiers = ["0.36.3"]

[tools.tanka."platforms.linux-arm64"]
checksum = "sha256:2416321968307946bda6f1d68fd7bdb0fd61a7cb4e6671fb2a075141af0400de"
url = "https://github.com/grafana/tanka/releases/download/v0.36.3/tk-linux-arm64"
url_api = "https://api.github.com/repos/grafana/tanka/releases/assets/340863116"

[tools.tanka."platforms.linux-arm64-musl"]
checksum = "sha256:2416321968307946bda6f1d68fd7bdb0fd61a7cb4e6671fb2a075141af0400de"
url = "https://github.com/grafana/tanka/releases/download/v0.36.3/tk-linux-arm64"
url_api = "https://api.github.com/repos/grafana/tanka/releases/assets/340863116"

[tools.tanka."platforms.linux-x64"]
checksum = "sha256:9f385d799b5ccaed930d797499b33176e96952a1586aee959fc7eda7fd9061bb"
url = "https://github.com/grafana/tanka/releases/download/v0.36.3/tk-linux-amd64"
url_api = "https://api.github.com/repos/grafana/tanka/releases/assets/340863137"

[tools.tanka."platforms.linux-x64-musl"]
checksum = "sha256:9f385d799b5ccaed930d797499b33176e96952a1586aee959fc7eda7fd9061bb"
url = "https://github.com/grafana/tanka/releases/download/v0.36.3/tk-linux-amd64"
url_api = "https://api.github.com/repos/grafana/tanka/releases/assets/340863137"

[tools.tanka."platforms.macos-arm64"]
checksum = "sha256:811e6bc578121bd706cc43293b94831579f78f9f4820a9b2db6b539eecfe4e42"
url = "https://github.com/grafana/tanka/releases/download/v0.36.3/tk-darwin-arm64"
url_api = "https://api.github.com/repos/grafana/tanka/releases/assets/340863143"

[tools.tanka."platforms.macos-x64"]
checksum = "sha256:1669d71ca188d111952ec8549bec8179f17567087e7818f700b16d87ee98d6b6"
url = "https://github.com/grafana/tanka/releases/download/v0.36.3/tk-darwin-amd64"
url_api = "https://api.github.com/repos/grafana/tanka/releases/assets/340863154"

[tools.tanka."platforms.windows-x64"]
checksum = "sha256:4932820314e5fcdff46e72451cebecd57d473d9da4e710ca68e845519559a330"
url = "https://github.com/grafana/tanka/releases/download/v0.36.3/tk-windows-amd64.exe"
url_api = "https://api.github.com/repos/grafana/tanka/releases/assets/340863089"

[[tools.tilt]]
version = "0.33.11"
backend = "aqua:tilt-dev/tilt"
specifiers = ["0.33.11"]

[tools.tilt."platforms.linux-arm64"]
checksum = "sha256:49ce19981761b6102cf5fe3cb15d6cfdf6b56aa2be7a1178457955c7476bf21f"
url = "https://github.com/tilt-dev/tilt/releases/download/v0.33.11/tilt.0.33.11.linux.arm64.tar.gz"
url_api = "https://api.github.com/repos/tilt-dev/tilt/releases/assets/151778100"

[tools.tilt."platforms.linux-arm64-musl"]
checksum = "sha256:49ce19981761b6102cf5fe3cb15d6cfdf6b56aa2be7a1178457955c7476bf21f"
url = "https://github.com/tilt-dev/tilt/releases/download/v0.33.11/tilt.0.33.11.linux.arm64.tar.gz"
url_api = "https://api.github.com/repos/tilt-dev/tilt/releases/assets/151778100"

[tools.tilt."platforms.linux-x64"]
checksum = "sha256:b14cc9d33b18c8bdf69b543914696b252e553c9361f65d2ed0cded302698708d"
url = "https://github.com/tilt-dev/tilt/releases/download/v0.33.11/tilt.0.33.11.linux.x86_64.tar.gz"
url_api = "https://api.github.com/repos/tilt-dev/tilt/releases/assets/151778094"

[tools.tilt."platforms.linux-x64-musl"]
checksum = "sha256:b14cc9d33b18c8bdf69b543914696b252e553c9361f65d2ed0cded302698708d"
url = "https://github.com/tilt-dev/tilt/releases/download/v0.33.11/tilt.0.33.11.linux.x86_64.tar.gz"
url_api = "https://api.github.com/repos/tilt-dev/tilt/releases/assets/151778094"

[tools.tilt."platforms.macos-arm64"]
checksum = "sha256:dbb1716432a79a31b9c5f1842cfce02f2abbf9bcfa789d9afbc41d155e930855"
url = "https://github.com/tilt-dev/tilt/releases/download/v0.33.11/tilt.0.33.11.mac.arm64.tar.gz"
url_api = "https://api.github.com/repos/tilt-dev/tilt/releases/assets/151778096"

[tools.tilt."platforms.macos-x64"]
checksum = "sha256:30e01338860149c3a3780106f00b261befa7c7104bfb5e4e44db0f77137534d1"
url = "https://github.com/tilt-dev/tilt/releases/download/v0.33.11/tilt.0.33.11.mac.x86_64.tar.gz"
url_api = "https://api.github.com/repos/tilt-dev/tilt/releases/assets/151778095"

[tools.tilt."platforms.windows-x64"]
checksum = "sha256:fb82ead0de2e3802e3a81ed37f79526dfcbded42cdeac269dc3aba7cc019d815"
url = "https://github.com/tilt-dev/tilt/releases/download/v0.33.11/tilt.0.33.11.windows.x86_64.zip"
url_api = "https://api.github.com/repos/tilt-dev/tilt/releases/assets/151778098"
